
Microsoft Visual Studio Solution File, Format Version 12.00
# Visual Studio Version 17
VisualStudioVersion = 17.0.31903.59
MinimumVisualStudioVersion = 10.0.40219.1
Project("{FAE04EC0-301F-11D3-BF4B-00C04F79EFBC}") = "Comparison", "Comparison\Comparison.csproj", "{38DEF885-D920-40AA-8D81-B0F5E189F822}"
EndProject
Project("{FAE04EC0-301F-11D3-BF4B-00C04F79EFBC}") = "00FileStream", "00FileStream\00FileStream.csproj", "{43B7A59B-7215-424C-9AE9-24A0A4FAD789}"
EndProject
Project("{FAE04EC0-301F-11D3-BF4B-00C04F79EFBC}") = "00Stream", "00Stream\00Stream.csproj", "{FB61BA06-8A40-49D0-9F0D-9356BCDFE0BD}"
EndProject
Project("{FAE04EC0-301F-11D3-BF4B-00C04F79EFBC}") = "00Binary", "00Binary\00Binary.csproj", "{7F349610-B660-48F1-A8F8-3EFD658D8979}"
EndProject
Project("{FAE04EC0-301F-11D3-BF4B-00C04F79EFBC}") = "00File", "00File\00File.csproj", "{5FFFB909-49D6-4CE8-A798-2D89DCDE91F3}"
EndProject
Project("{FAE04EC0-301F-11D3-BF4B-00C04F79EFBC}") = "00StreamReader", "00StreamReader\00StreamReader.csproj", "{71C4D279-35B2-4C23-8C1F-609F74CF618B}"
EndProject
Project("{FAE04EC0-301F-11D3-BF4B-00C04F79EFBC}") = "00FileBuffering", "00FileBuffering\00FileBuffering.csproj", "{70601806-1524-46FC-AD0C-9936E1724E53}"
EndProject
Project("{FAE04EC0-301F-11D3-BF4B-00C04F79EFBC}") = "00AsyncFile", "00AsyncFile\00AsyncFile.csproj", "{E690A88B-7413-442D-9FC4-DE6765773074}"
EndProject
Project("{FAE04EC0-301F-11D3-BF4B-00C04F79EFBC}") = "00BinaryCorrectOrder", "00BinaryCorrectOrder\00BinaryCorrectOrder.csproj", "{E90C4563-E0DB-4F5D-B243-7D730CE081C9}"
EndProject
Project("{FAE04EC0-301F-11D3-BF4B-00C04F79EFBC}") = "00FileStreamBuffer", "00FileStreamBuffer\00FileStreamBuffer.csproj", "{2D2238CD-D24F-4A82-AEC3-C01948E87E26}"
EndProject
Project("{FAE04EC0-301F-11D3-BF4B-00C04F79EFBC}") = "00Directory", "00Directory\00Directory.csproj", "{E1D12D19-DE07-4052-BEA3-05254855BD89}"
EndProject
Global
	GlobalSection(SolutionConfigurationPlatforms) = preSolution
		Debug|Any CPU = Debug|Any CPU
		Release|Any CPU = Release|Any CPU
	EndGlobalSection
	GlobalSection(SolutionProperties) = preSolution
		HideSolutionNode = FALSE
	EndGlobalSection
	GlobalSection(ProjectConfigurationPlatforms) = postSolution
		{38DEF885-D920-40AA-8D81-B0F5E189F822}.Debug|Any CPU.ActiveCfg = Debug|Any CPU
		{38DEF885-D920-40AA-8D81-B0F5E189F822}.Debug|Any CPU.Build.0 = Debug|Any CPU
		{38DEF885-D920-40AA-8D81-B0F5E189F822}.Release|Any CPU.ActiveCfg = Release|Any CPU
		{38DEF885-D920-40AA-8D81-B0F5E189F822}.Release|Any CPU.Build.0 = Release|Any CPU
		{43B7A59B-7215-424C-9AE9-24A0A4FAD789}.Debug|Any CPU.ActiveCfg = Debug|Any CPU
		{43B7A59B-7215-424C-9AE9-24A0A4FAD789}.Debug|Any CPU.Build.0 = Debug|Any CPU
		{43B7A59B-7215-424C-9AE9-24A0A4FAD789}.Release|Any CPU.ActiveCfg = Release|Any CPU
		{43B7A59B-7215-424C-9AE9-24A0A4FAD789}.Release|Any CPU.Build.0 = Release|Any CPU
		{FB61BA06-8A40-49D0-9F0D-9356BCDFE0BD}.Debug|Any CPU.ActiveCfg = Debug|Any CPU
		{FB61BA06-8A40-49D0-9F0D-9356BCDFE0BD}.Debug|Any CPU.Build.0 = Debug|Any CPU
		{FB61BA06-8A40-49D0-9F0D-9356BCDFE0BD}.Release|Any CPU.ActiveCfg = Release|Any CPU
		{FB61BA06-8A40-49D0-9F0D-9356BCDFE0BD}.Release|Any CPU.Build.0 = Release|Any CPU
		{7F349610-B660-48F1-A8F8-3EFD658D8979}.Debug|Any CPU.ActiveCfg = Debug|Any CPU
		{7F349610-B660-48F1-A8F8-3EFD658D8979}.Debug|Any CPU.Build.0 = Debug|Any CPU
		{7F349610-B660-48F1-A8F8-3EFD658D8979}.Release|Any CPU.ActiveCfg = Release|Any CPU
		{7F349610-B660-48F1-A8F8-3EFD658D8979}.Release|Any CPU.Build.0 = Release|Any CPU
		{5FFFB909-49D6-4CE8-A798-2D89DCDE91F3}.Debug|Any CPU.ActiveCfg = Debug|Any CPU
		{5FFFB909-49D6-4CE8-A798-2D89DCDE91F3}.Debug|Any CPU.Build.0 = Debug|Any CPU
		{5FFFB909-49D6-4CE8-A798-2D89DCDE91F3}.Release|Any CPU.ActiveCfg = Release|Any CPU
		{5FFFB909-49D6-4CE8-A798-2D89DCDE91F3}.Release|Any CPU.Build.0 = Release|Any CPU
		{71C4D279-35B2-4C23-8C1F-609F74CF618B}.Debug|Any CPU.ActiveCfg = Debug|Any CPU
		{71C4D279-35B2-4C23-8C1F-609F74CF618B}.Debug|Any CPU.Build.0 = Debug|Any CPU
		{71C4D279-35B2-4C23-8C1F-609F74CF618B}.Release|Any CPU.ActiveCfg = Release|Any CPU
		{71C4D279-35B2-4C23-8C1F-609F74CF618B}.Release|Any CPU.Build.0 = Release|Any CPU
		{70601806-1524-46FC-AD0C-9936E1724E53}.Debug|Any CPU.ActiveCfg = Debug|Any CPU
		{70601806-1524-46FC-AD0C-9936E1724E53}.Debug|Any CPU.Build.0 = Debug|Any CPU
		{70601806-1524-46FC-AD0C-9936E1724E53}.Release|Any CPU.ActiveCfg = Release|Any CPU
		{70601806-1524-46FC-AD0C-9936E1724E53}.Release|Any CPU.Build.0 = Release|Any CPU
		{E690A88B-7413-442D-9FC4-DE6765773074}.Debug|Any CPU.ActiveCfg = Debug|Any CPU
		{E690A88B-7413-442D-9FC4-DE6765773074}.Debug|Any CPU.Build.0 = Debug|Any CPU
		{E690A88B-7413-442D-9FC4-DE6765773074}.Release|Any CPU.ActiveCfg = Release|Any CPU
		{E690A88B-7413-442D-9FC4-DE6765773074}.Release|Any CPU.Build.0 = Release|Any CPU
		{E90C4563-E0DB-4F5D-B243-7D730CE081C9}.Debug|Any CPU.ActiveCfg = Debug|Any CPU
		{E90C4563-E0DB-4F5D-B243-7D730CE081C9}.Debug|Any CPU.Build.0 = Debug|Any CPU
		{E90C4563-E0DB-4F5D-B243-7D730CE081C9}.Release|Any CPU.ActiveCfg = Release|Any CPU
		{E90C4563-E0DB-4F5D-B243-7D730CE081C9}.Release|Any CPU.Build.0 = Release|Any CPU
		{2D2238CD-D24F-4A82-AEC3-C01948E87E26}.Debug|Any CPU.ActiveCfg = Debug|Any CPU
		{2D2238CD-D24F-4A82-AEC3-C01948E87E26}.Debug|Any CPU.Build.0 = Debug|Any CPU
		{2D2238CD-D24F-4A82-AEC3-C01948E87E26}.Release|Any CPU.ActiveCfg = Release|Any CPU
		{2D2238CD-D24F-4A82-AEC3-C01948E87E26}.Release|Any CPU.Build.0 = Release|Any CPU
		{E1D12D19-DE07-4052-BEA3-05254855BD89}.Debug|Any CPU.ActiveCfg = Debug|Any CPU
		{E1D12D19-DE07-4052-BEA3-05254855BD89}.Debug|Any CPU.Build.0 = Debug|Any CPU
		{E1D12D19-DE07-4052-BEA3-05254855BD89}.Release|Any CPU.ActiveCfg = Release|Any CPU
		{E1D12D19-DE07-4052-BEA3-05254855BD89}.Release|Any CPU.Build.0 = Release|Any CPU
	EndGlobalSection
EndGlobal
